{
  "pins" : [
    {
      "identity" : "alamofire",
      "kind" : "remoteSourceControl",
      "location" : "https://github.com/Alamofire/Alamofire.git",
      "state" : {
        "revision" : "75bba56748359f297a83f620d45f72cf4ebee4e7",
        "version" : "4.8.2"
      }
    }
  ],
  "version" : 2
}
